
Microsoft Visual Studio Solution File, Format Version 12.00
# Visual Studio Version 16
VisualStudioVersion = 16.0.28606.126
MinimumVisualStudioVersion = 10.0.40219.1
Project("{2150E333-8FDC-42A3-9474-1A3956D46DE8}") = "samples", "samples", "{F47D1283-0EE9-4728-8026-58405C29B786}"
EndProject
Project("{9A19103F-16F7-4668-BE54-9A1E7A4F7556}") = "Mvc.Client", "samples\Mvc.Client\Mvc.Client.csproj", "{96B22EB9-771A-4DCA-B828-E6EA2774CF1B}"
EndProject
Project("{9A19103F-16F7-4668-BE54-9A1E7A4F7556}") = "Mvc.Server", "samples\Mvc.Server\Mvc.Server.csproj", "{7CBEAFD2-E3D0-4424-9B78-E87AB52327A6}"
EndProject
Global
	GlobalSection(SolutionConfigurationPlatforms) = preSolution
		Debug|Any CPU = Debug|Any CPU
		Release|Any CPU = Release|Any CPU
	EndGlobalSection
	GlobalSection(ProjectConfigurationPlatforms) = postSolution
		{96B22EB9-771A-4DCA-B828-E6EA2774CF1B}.Debug|Any CPU.ActiveCfg = Debug|Any CPU
		{96B22EB9-771A-4DCA-B828-E6EA2774CF1B}.Debug|Any CPU.Build.0 = Debug|Any CPU
		{96B22EB9-771A-4DCA-B828-E6EA2774CF1B}.Release|Any CPU.ActiveCfg = Release|Any CPU
		{96B22EB9-771A-4DCA-B828-E6EA2774CF1B}.Release|Any CPU.Build.0 = Release|Any CPU
		{7CBEAFD2-E3D0-4424-9B78-E87AB52327A6}.Debug|Any CPU.ActiveCfg = Debug|Any CPU
		{7CBEAFD2-E3D0-4424-9B78-E87AB52327A6}.Debug|Any CPU.Build.0 = Debug|Any CPU
		{7CBEAFD2-E3D0-4424-9B78-E87AB52327A6}.Release|Any CPU.ActiveCfg = Release|Any CPU
		{7CBEAFD2-E3D0-4424-9B78-E87AB52327A6}.Release|Any CPU.Build.0 = Release|Any CPU
	EndGlobalSection
	GlobalSection(SolutionProperties) = preSolution
		HideSolutionNode = FALSE
	EndGlobalSection
	GlobalSection(NestedProjects) = preSolution
		{96B22EB9-771A-4DCA-B828-E6EA2774CF1B} = {F47D1283-0EE9-4728-8026-58405C29B786}
		{7CBEAFD2-E3D0-4424-9B78-E87AB52327A6} = {F47D1283-0EE9-4728-8026-58405C29B786}
	EndGlobalSection
	GlobalSection(ExtensibilityGlobals) = postSolution
		SolutionGuid = {A710059F-0466-4D48-9B3A-0EF4F840B616}
	EndGlobalSection
EndGlobal
